
Microsoft Visual Studio Solution File, Format Version 12.00
# Visual Studio 15
VisualStudioVersion = 15.0.28307.645
MinimumVisualStudioVersion = 10.0.40219.1
Project("{2150E333-8FDC-42A3-9474-1A3956D46DE8}") = "UI", "UI", "{3019165B-9125-427C-9943-70C0B1AC07AC}"
EndProject
Project("{2150E333-8FDC-42A3-9474-1A3956D46DE8}") = "Services", "Services", "{3B4284BB-4D44-4E9B-9582-5551B0D5EE01}"
EndProject
Project("{2150E333-8FDC-42A3-9474-1A3956D46DE8}") = "Common", "Common", "{9E8218D0-1A72-4A9B-9538-1C6833DCD1A8}"
EndProject
Project("{9A19103F-16F7-4668-BE54-9A1E7A4F7556}") = "SergeiLevin0.Domain", "Common\SergeiLevin0.Domain\SergeiLevin0.Domain.csproj", "{C843514B-F187-4178-8B2E-0E13BB91DC4B}"
EndProject
Project("{9A19103F-16F7-4668-BE54-9A1E7A4F7556}") = "SergeiLevin0.DAL", "Services\SergeiLevin0.DAL\SergeiLevin0.DAL.csproj", "{4503298A-E7F0-4FC0-A7AC-24A951DE1162}"
EndProject
Project("{9A19103F-16F7-4668-BE54-9A1E7A4F7556}") = "SergeiLevin0", "UI\SergeiLevin0\SergeiLevin0.csproj", "{8EC93D8C-55BE-4F85-A06A-4A20EC8F2799}"
EndProject
Project("{9A19103F-16F7-4668-BE54-9A1E7A4F7556}") = "SergeiLevin0.ServiceHosting", "Services\SergeiLevin0.ServiceHosting\SergeiLevin0.ServiceHosting.csproj", "{D50C2A83-20C1-4691-ADEA-1138B52112D6}"
EndProject
Project("{FAE04EC0-301F-11D3-BF4B-00C04F79EFBC}") = "SergeiLevin0.Interfaces", "Services\SergeiLevin0.Interfaces\SergeiLevin0.Interfaces.csproj", "{1ED89950-CF67-493E-84AB-C5B2D6E59AA6}"
EndProject
Project("{FAE04EC0-301F-11D3-BF4B-00C04F79EFBC}") = "SergeiLevin0.Services", "Services\SergeiLevin0.Services\SergeiLevin0.Services.csproj", "{90BE5C02-09F4-4F6A-AD81-545045484FD1}"
EndProject
Project("{FAE04EC0-301F-11D3-BF4B-00C04F79EFBC}") = "SergeiLevin0.Clients", "Services\SergeiLevin0.Clients\SergeiLevin0.Clients.csproj", "{ECEAAB63-4FD0-40F5-89F8-BDF875CAD33D}"
EndProject
Global
	GlobalSection(SolutionConfigurationPlatforms) = preSolution
		Debug|Any CPU = Debug|Any CPU
		Release|Any CPU = Release|Any CPU
	EndGlobalSection
	GlobalSection(ProjectConfigurationPlatforms) = postSolution
		{C843514B-F187-4178-8B2E-0E13BB91DC4B}.Debug|Any CPU.ActiveCfg = Debug|Any CPU
		{C843514B-F187-4178-8B2E-0E13BB91DC4B}.Debug|Any CPU.Build.0 = Debug|Any CPU
		{C843514B-F187-4178-8B2E-0E13BB91DC4B}.Release|Any CPU.ActiveCfg = Release|Any CPU
		{C843514B-F187-4178-8B2E-0E13BB91DC4B}.Release|Any CPU.Build.0 = Release|Any CPU
		{4503298A-E7F0-4FC0-A7AC-24A951DE1162}.Debug|Any CPU.ActiveCfg = Debug|Any CPU
		{4503298A-E7F0-4FC0-A7AC-24A951DE1162}.Debug|Any CPU.Build.0 = Debug|Any CPU
		{4503298A-E7F0-4FC0-A7AC-24A951DE1162}.Release|Any CPU.ActiveCfg = Release|Any CPU
		{4503298A-E7F0-4FC0-A7AC-24A951DE1162}.Release|Any CPU.Build.0 = Release|Any CPU
		{8EC93D8C-55BE-4F85-A06A-4A20EC8F2799}.Debug|Any CPU.ActiveCfg = Debug|Any CPU
		{8EC93D8C-55BE-4F85-A06A-4A20EC8F2799}.Debug|Any CPU.Build.0 = Debug|Any CPU
		{8EC93D8C-55BE-4F85-A06A-4A20EC8F2799}.Release|Any CPU.ActiveCfg = Release|Any CPU
		{8EC93D8C-55BE-4F85-A06A-4A20EC8F2799}.Release|Any CPU.Build.0 = Release|Any CPU
		{D50C2A83-20C1-4691-ADEA-1138B52112D6}.Debug|Any CPU.ActiveCfg = Debug|Any CPU
		{D50C2A83-20C1-4691-ADEA-1138B52112D6}.Debug|Any CPU.Build.0 = Debug|Any CPU
		{D50C2A83-20C1-4691-ADEA-1138B52112D6}.Release|Any CPU.ActiveCfg = Release|Any CPU
		{D50C2A83-20C1-4691-ADEA-1138B52112D6}.Release|Any CPU.Build.0 = Release|Any CPU
		{1ED89950-CF67-493E-84AB-C5B2D6E59AA6}.Debug|Any CPU.ActiveCfg = Debug|Any CPU
		{1ED89950-CF67-493E-84AB-C5B2D6E59AA6}.Debug|Any CPU.Build.0 = Debug|Any CPU
		{1ED89950-CF67-493E-84AB-C5B2D6E59AA6}.Release|Any CPU.ActiveCfg = Release|Any CPU
		{1ED89950-CF67-493E-84AB-C5B2D6E59AA6}.Release|Any CPU.Build.0 = Release|Any CPU
		{90BE5C02-09F4-4F6A-AD81-545045484FD1}.Debug|Any CPU.ActiveCfg = Debug|Any CPU
		{90BE5C02-09F4-4F6A-AD81-545045484FD1}.Debug|Any CPU.Build.0 = Debug|Any CPU
		{90BE5C02-09F4-4F6A-AD81-545045484FD1}.Release|Any CPU.ActiveCfg = Release|Any CPU
		{90BE5C02-09F4-4F6A-AD81-545045484FD1}.Release|Any CPU.Build.0 = Release|Any CPU
		{ECEAAB63-4FD0-40F5-89F8-BDF875CAD33D}.Debug|Any CPU.ActiveCfg = Debug|Any CPU
		{ECEAAB63-4FD0-40F5-89F8-BDF875CAD33D}.Debug|Any CPU.Build.0 = Debug|Any CPU
		{ECEAAB63-4FD0-40F5-89F8-BDF875CAD33D}.Release|Any CPU.ActiveCfg = Release|Any CPU
		{ECEAAB63-4FD0-40F5-89F8-BDF875CAD33D}.Release|Any CPU.Build.0 = Release|Any CPU
	EndGlobalSection
	GlobalSection(SolutionProperties) = preSolution
		HideSolutionNode = FALSE
	EndGlobalSection
	GlobalSection(NestedProjects) = preSolution
		{C843514B-F187-4178-8B2E-0E13BB91DC4B} = {9E8218D0-1A72-4A9B-9538-1C6833DCD1A8}
		{4503298A-E7F0-4FC0-A7AC-24A951DE1162} = {3B4284BB-4D44-4E9B-9582-5551B0D5EE01}
		{8EC93D8C-55BE-4F85-A06A-4A20EC8F2799} = {3019165B-9125-427C-9943-70C0B1AC07AC}
		{D50C2A83-20C1-4691-ADEA-1138B52112D6} = {3B4284BB-4D44-4E9B-9582-5551B0D5EE01}
		{1ED89950-CF67-493E-84AB-C5B2D6E59AA6} = {3B4284BB-4D44-4E9B-9582-5551B0D5EE01}
		{90BE5C02-09F4-4F6A-AD81-545045484FD1} = {3B4284BB-4D44-4E9B-9582-5551B0D5EE01}
		{ECEAAB63-4FD0-40F5-89F8-BDF875CAD33D} = {3B4284BB-4D44-4E9B-9582-5551B0D5EE01}
	EndGlobalSection
	GlobalSection(ExtensibilityGlobals) = postSolution
		SolutionGuid = {8895D0C5-48DA-482D-BAD0-8EA8BC34F58B}
	EndGlobalSection
EndGlobal
